
Microsoft Visual Studio Solution File, Format Version 12.00
Project("{FAE04EC0-301F-11D3-BF4B-00C04F79EFBC}") = "MyFinance_App", "MyFinance_App.csproj", "{92F1089F-6B3D-4FE5-9520-D3FE9E26E50B}"
EndProject
Global
	GlobalSection(SolutionConfigurationPlatforms) = preSolution
		Debug|Any CPU = Debug|Any CPU
		Release|Any CPU = Release|Any CPU
	EndGlobalSection
	GlobalSection(ProjectConfigurationPlatforms) = postSolution
		{92F1089F-6B3D-4FE5-9520-D3FE9E26E50B}.Debug|Any CPU.ActiveCfg = Debug|Any CPU
		{92F1089F-6B3D-4FE5-9520-D3FE9E26E50B}.Debug|Any CPU.Build.0 = Debug|Any CPU
		{92F1089F-6B3D-4FE5-9520-D3FE9E26E50B}.Release|Any CPU.ActiveCfg = Release|Any CPU
		{92F1089F-6B3D-4FE5-9520-D3FE9E26E50B}.Release|Any CPU.Build.0 = Release|Any CPU
	EndGlobalSection
EndGlobal
